{
  "name": "princejona",
  "version": "1.0.0",
  "lockfileVersion": 3,
  "requires": true,
  "packages": {
    "": {
      "name": "princejona",
      "version": "1.0.0",
      "license": "ISC",
      "dependencies": {
        "animejs": "^4.0.0",
        "nue": "^0.7.1"
      }
    },
    "node_modules/animejs": {
      "version": "4.0.0",
      "resolved": "https://registry.npmjs.org/animejs/-/animejs-4.0.0.tgz",
      "integrity": "sha512-JHFkhTvH+hYAljDNH7V0qLWDvF/vDvcFB5RoTKjjzLc7JKBSHwMFBobUmXvblwzWqpDqe500q4lnk9/sNRWTzw==",
      "license": "MIT"
    },
    "node_modules/nue": {
      "version": "0.7.1",
      "resolved": "https://registry.npmjs.org/nue/-/nue-0.7.1.tgz",
      "integrity": "sha512-VW5DCFBLiqdYahiyHagxuPBRz7Z8/Q1vGmB6QF1fz0jA6iuSj2TElNy/pxEjNqLUgTnOVfsbmE7blY7S6k1DyA=="
    }
  }
}
